name: 3 Colonne Testo
icon: columns

fields:
  titoletto_1:
    label: Titoletto colonna 1
    type: text
    width: 1/3

  titoletto_2:
    label: Titoletto colonna 2
    type: text
    width: 1/3

  titoletto_3:
    label: Titoletto colonna 3
    type: text
    width: 1/3

  testo_1:
    label: Testo colonna 1
    type: writer
    width: 1/3

  testo_2:
    label: Testo colonna 2
    type: writer
    width: 1/3

  testo_3:
    label: Testo colonna 3
    type: writer
    width: 1/3
