name: Three Text Columns Block
icon: text-left

open: true
fields:
  small_title_1:
    label: Small title 1
    type: text
    width: 1/3

  small_title_2:
    label: Small title 2
    type: text
    width: 1/3

  small_title_3:
    label: Small title 3
    type: text
    width: 1/3

  text_1:
    label: Text 1
    extends:
      fields/writer-basic
    width: 1/3

  text_2:
    label: Text 2
    extends:
      fields/writer-basic
    width: 1/3

  text_3:
    label: Text 3
    extends:
      fields/writer-basic
    width: 1/3
